// !$*UTF8*$!
{
	archiveVersion = 1;
	classes = {
	};
	objectVersion = 56;
	objects = {

/* Begin PBXBuildFile section */
		770DD9F82B2D0E100071BAA4 /* SwapUApp.swift in Sources */ = {isa = PBXBuildFile; fileRef = 770DD9F72B2D0E100071BAA4 /* SwapUApp.swift */; };
		770DD9FA2B2D0E100071BAA4 /* ContentView.swift in Sources */ = {isa = PBXBuildFile; fileRef = 770DD9F92B2D0E100071BAA4 /* ContentView.swift */; };
		770DD9FC2B2D0E110071BAA4 /* Assets.xcassets in Resources */ = {isa = PBXBuildFile; fileRef = 770DD9FB2B2D0E110071BAA4 /* Assets.xcassets */; };
		770DD9FF2B2D0E110071BAA4 /* Preview Assets.xcassets in Resources */ = {isa = PBXBuildFile; fileRef = 770DD9FE2B2D0E110071BAA4 /* Preview Assets.xcassets */; };
		770DDA092B2D0E110071BAA4 /* SwapUTests.swift in Sources */ = {isa = PBXBuildFile; fileRef = 770DDA082B2D0E110071BAA4 /* SwapUTests.swift */; };
		770DDA132B2D0E110071BAA4 /* SwapUUITests.swift in Sources */ = {isa = PBXBuildFile; fileRef = 770DDA122B2D0E110071BAA4 /* SwapUUITests.swift */; };
		770DDA152B2D0E110071BAA4 /* SwapUUITestsLaunchTests.swift in Sources */ = {isa = PBXBuildFile; fileRef = 770DDA142B2D0E110071BAA4 /* SwapUUITestsLaunchTests.swift */; };
/* End PBXBuildFile section */

/* Begin PBXContainerItemProxy section */
		770DDA052B2D0E110071BAA4 /* PBXContainerItemProxy */ = {
			isa = PBXContainerItemProxy;
			containerPortal = 770DD9EC2B2D0E0F0071BAA4 /* Project object */;
			proxyType = 1;
			remoteGlobalIDString = 770DD9F32B2D0E100071BAA4;
			remoteInfo = SwapU;
		};
		770DDA0F2B2D0E110071BAA4 /* PBXContainerItemProxy */ = {
			isa = PBXContainerItemProxy;
			containerPortal = 770DD9EC2B2D0E0F0071BAA4 /* Project object */;
			proxyType = 1;
			remoteGlobalIDString = 770DD9F32B2D0E100071BAA4;
			remoteInfo = SwapU;
		};
/* End PBXContainerItemProxy section */

/* Begin PBXFileReference section */
		770DD9F42B2D0E100071BAA4 /* SwapU.app */ = {isa = PBXFileReference; explicitFileType = wrapper.application; includeInIndex = 0; path = SwapU.app; sourceTree = BUILT_PRODUCTS_DIR; };
		770DD9F72B2D0E100071BAA4 /* SwapUApp.swift */ = {isa = PBXFileReference; lastKnownFileType = sourcecode.swift; path = SwapUApp.swift; sourceTree = "<group>"; };
		770DD9F92B2D0E100071BAA4 /* ContentView.swift */ = {isa = PBXFileReference; lastKnownFileType = sourcecode.swift; path = ContentView.swift; sourceTree = "<group>"; };
		770DD9FB2B2D0E110071BAA4 /* Assets.xcassets */ = {isa = PBXFileReference; lastKnownFileType = folder.assetcatalog; path = Assets.xcassets; sourceTree = "<group>"; };
		770DD9FE2B2D0E110071BAA4 /* Preview Assets.xcassets */ = {isa = PBXFileReference; lastKnownFileType = folder.assetcatalog; path = "Preview Assets.xcassets"; sourceTree = "<group>"; };
		770DDA042B2D0E110071BAA4 /* SwapUTests.xctest */ = {isa = PBXFileReference; explicitFileType = wrapper.cfbundle; includeInIndex = 0; path = SwapUTests.xctest; sourceTree = BUILT_PRODUCTS_DIR; };
		770DDA082B2D0E110071BAA4 /* SwapUTests.swift */ = {isa = PBXFileReference; lastKnownFileType = sourcecode.swift; path = SwapUTests.swift; sourceTree = "<group>"; };
		770DDA0E2B2D0E110071BAA4 /* SwapUUITests.xctest */ = {isa = PBXFileReference; explicitFileType = wrapper.cfbundle; includeInIndex = 0; path = SwapUUITests.xctest; sourceTree = BUILT_PRODUCTS_DIR; };
		770DDA122B2D0E110071BAA4 /* SwapUUITests.swift */ = {isa = PBXFileReference; lastKnownFileType = sourcecode.swift; path = SwapUUITests.swift; sourceTree = "<group>"; };
		770DDA142B2D0E110071BAA4 /* SwapUUITestsLaunchTests.swift */ = {isa = PBXFileReference; lastKnownFileType = sourcecode.swift; path = SwapUUITestsLaunchTests.swift; sourceTree = "<group>"; };
/* End PBXFileReference section */

/* Begin PBXFrameworksBuildPhase section */
		770DD9F12B2D0E100071BAA4 /* Frameworks */ = {
			isa = PBXFrameworksBuildPhase;
			buildActionMask = 2147483647;
			files = (
			);
			runOnlyForDeploymentPostprocessing = 0;
		};
		770DDA012B2D0E110071BAA4 /* Frameworks */ = {
			isa = PBXFrameworksBuildPhase;
			buildActionMask = 2147483647;
			files = (
			);
			runOnlyForDeploymentPostprocessing = 0;
		};
		770DDA0B2B2D0E110071BAA4 /* Frameworks */ = {
			isa = PBXFrameworksBuildPhase;
			buildActionMask = 2147483647;
			files = (
			);
			runOnlyForDeploymentPostprocessing = 0;
		};
/* End PBXFrameworksBuildPhase section */

/* Begin PBXGroup section */
		770DD9EB2B2D0E0F0071BAA4 = {
			isa = PBXGroup;
			children = (
				770DD9F62B2D0E100071BAA4 /* SwapU */,
				770DDA072B2D0E110071BAA4 /* SwapUTests */,
				770DDA112B2D0E110071BAA4 /* SwapUUITests */,
				770DD9F52B2D0E100071BAA4 /* Products */,
			);
			sourceTree = "<group>";
		};
		770DD9F52B2D0E100071BAA4 /* Products */ = {
			isa = PBXGroup;
			children = (
				770DD9F42B2D0E100071BAA4 /* SwapU.app */,
				770DDA042B2D0E110071BAA4 /* SwapUTests.xctest */,
				770DDA0E2B2D0E110071BAA4 /* SwapUUITests.xctest */,
			);
			name = Products;
			sourceTree = "<group>";
		};
		770DD9F62B2D0E100071BAA4 /* SwapU */ = {
			isa = PBXGroup;
			children = (
				770DD9F72B2D0E100071BAA4 /* SwapUApp.swift */,
				770DD9F92B2D0E100071BAA4 /* ContentView.swift */,
				770DD9FB2B2D0E110071BAA4 /* Assets.xcassets */,
				770DD9FD2B2D0E110071BAA4 /* Preview Content */,
			);
			path = SwapU;
			sourceTree = "<group>";
		};
		770DD9FD2B2D0E110071BAA4 /* Preview Content */ = {
			isa = PBXGroup;
			children = (
				770DD9FE2B2D0E110071BAA4 /* Preview Assets.xcassets */,
			);
			path = "Preview Content";
			sourceTree = "<group>";
		};
		770DDA072B2D0E110071BAA4 /* SwapUTests */ = {
			isa = PBXGroup;
			children = (
				770DDA082B2D0E110071BAA4 /* SwapUTests.swift */,
			);
			path = SwapUTests;
			sourceTree = "<group>";
		};
		770DDA112B2D0E110071BAA4 /* SwapUUITests */ = {
			isa = PBXGroup;
			children = (
				770DDA122B2D0E110071BAA4 /* SwapUUITests.swift */,
				770DDA142B2D0E110071BAA4 /* SwapUUITestsLaunchTests.swift */,
			);
			path = SwapUUITests;
			sourceTree = "<group>";
		};
/* End PBXGroup section */

/* Begin PBXNativeTarget section */
		770DD9F32B2D0E100071BAA4 /* SwapU */ = {
			isa = PBXNativeTarget;
			buildConfigurationList = 770DDA182B2D0E110071BAA4 /* Build configuration list for PBXNativeTarget "SwapU" */;
			buildPhases = (
				770DD9F02B2D0E100071BAA4 /* Sources */,
				770DD9F12B2D0E100071BAA4 /* Frameworks */,
				770DD9F22B2D0E100071BAA4 /* Resources */,
			);
			buildRules = (
			);
			dependencies = (
			);
			name = SwapU;
			productName = SwapU;
			productReference = 770DD9F42B2D0E100071BAA4 /* SwapU.app */;
			productType = "com.apple.product-type.application";
		};
		770DDA032B2D0E110071BAA4 /* SwapUTests */ = {
			isa = PBXNativeTarget;
			buildConfigurationList = 770DDA1B2B2D0E110071BAA4 /* Build configuration list for PBXNativeTarget "SwapUTests" */;
			buildPhases = (
				770DDA002B2D0E110071BAA4 /* Sources */,
				770DDA012B2D0E110071BAA4 /* Frameworks */,
				770DDA022B2D0E110071BAA4 /* Resources */,
			);
			buildRules = (
			);
			dependencies = (
				770DDA062B2D0E110071BAA4 /* PBXTargetDependency */,
			);
			name = SwapUTests;
			productName = SwapUTests;
			productReference = 770DDA042B2D0E110071BAA4 /* SwapUTests.xctest */;
			productType = "com.apple.product-type.bundle.unit-test";
		};
		770DDA0D2B2D0E110071BAA4 /* SwapUUITests */ = {
			isa = PBXNativeTarget;
			buildConfigurationList = 770DDA1E2B2D0E110071BAA4 /* Build configuration list for PBXNativeTarget "SwapUUITests" */;
			buildPhases = (
				770DDA0A2B2D0E110071BAA4 /* Sources */,
				770DDA0B2B2D0E110071BAA4 /* Frameworks */,
				770DDA0C2B2D0E110071BAA4 /* Resources */,
			);
			buildRules = (
			);
			dependencies = (
				770DDA102B2D0E110071BAA4 /* PBXTargetDependency */,
			);
			name = SwapUUITests;
			productName = SwapUUITests;
			productReference = 770DDA0E2B2D0E110071BAA4 /* SwapUUITests.xctest */;
			productType = "com.apple.product-type.bundle.ui-testing";
		};
/* End PBXNativeTarget section */

/* Begin PBXProject section */
		770DD9EC2B2D0E0F0071BAA4 /* Project object */ = {
			isa = PBXProject;
			attributes = {
				BuildIndependentTargetsInParallel = 1;
				LastSwiftUpdateCheck = 1430;
				LastUpgradeCheck = 1430;
				TargetAttributes = {
					770DD9F32B2D0E100071BAA4 = {
						CreatedOnToolsVersion = 14.3;
					};
					770DDA032B2D0E110071BAA4 = {
						CreatedOnToolsVersion = 14.3;
						TestTargetID = 770DD9F32B2D0E100071BAA4;
					};
					770DDA0D2B2D0E110071BAA4 = {
						CreatedOnToolsVersion = 14.3;
						TestTargetID = 770DD9F32B2D0E100071BAA4;
					};
				};
			};
			buildConfigurationList = 770DD9EF2B2D0E0F0071BAA4 /* Build configuration list for PBXProject "SwapU" */;
			compatibilityVersion = "Xcode 14.0";
			developmentRegion = en;
			hasScannedForEncodings = 0;
			knownRegions = (
				en,
				Base,
			);
			mainGroup = 770DD9EB2B2D0E0F0071BAA4;
			productRefGroup = 770DD9F52B2D0E100071BAA4 /* Products */;
			projectDirPath = "";
			projectRoot = "";
			targets = (
				770DD9F32B2D0E100071BAA4 /* SwapU */,
				770DDA032B2D0E110071BAA4 /* SwapUTests */,
				770DDA0D2B2D0E110071BAA4 /* SwapUUITests */,
			);
		};
/* End PBXProject section */

/* Begin PBXResourcesBuildPhase section */
		770DD9F22B2D0E100071BAA4 /* Resources */ = {
			isa = PBXResourcesBuildPhase;
			buildActionMask = 2147483647;
			files = (
				770DD9FF2B2D0E110071BAA4 /* Preview Assets.xcassets in Resources */,
				770DD9FC2B2D0E110071BAA4 /* Assets.xcassets in Resources */,
			);
			runOnlyForDeploymentPostprocessing = 0;
		};
		770DDA022B2D0E110071BAA4 /* Resources */ = {
			isa = PBXResourcesBuildPhase;
			buildActionMask = 2147483647;
			files = (
			);
			runOnlyForDeploymentPostprocessing = 0;
		};
		770DDA0C2B2D0E110071BAA4 /* Resources */ = {
			isa = PBXResourcesBuildPhase;
			buildActionMask = 2147483647;
			files = (
			);
			runOnlyForDeploymentPostprocessing = 0;
		};
/* End PBXResourcesBuildPhase section */

/* Begin PBXSourcesBuildPhase section */
		770DD9F02B2D0E100071BAA4 /* Sources */ = {
			isa = PBXSourcesBuildPhase;
			buildActionMask = 2147483647;
			files = (
				770DD9FA2B2D0E100071BAA4 /* ContentView.swift in Sources */,
				770DD9F82B2D0E100071BAA4 /* SwapUApp.swift in Sources */,
			);
			runOnlyForDeploymentPostprocessing = 0;
		};
		770DDA002B2D0E110071BAA4 /* Sources */ = {
			isa = PBXSourcesBuildPhase;
			buildActionMask = 2147483647;
			files = (
				770DDA092B2D0E110071BAA4 /* SwapUTests.swift in Sources */,
			);
			runOnlyForDeploymentPostprocessing = 0;
		};
		770DDA0A2B2D0E110071BAA4 /* Sources */ = {
			isa = PBXSourcesBuildPhase;
			buildActionMask = 2147483647;
			files = (
				770DDA132B2D0E110071BAA4 /* SwapUUITests.swift in Sources */,
				770DDA152B2D0E110071BAA4 /* SwapUUITestsLaunchTests.swift in Sources */,
			);
			runOnlyForDeploymentPostprocessing = 0;
		};
/* End PBXSourcesBuildPhase section */

/* Begin PBXTargetDependency section */
		770DDA062B2D0E110071BAA4 /* PBXTargetDependency */ = {
			isa = PBXTargetDependency;
			target = 770DD9F32B2D0E100071BAA4 /* SwapU */;
			targetProxy = 770DDA052B2D0E110071BAA4 /* PBXContainerItemProxy */;
		};
		770DDA102B2D0E110071BAA4 /* PBXTargetDependency */ = {
			isa = PBXTargetDependency;
			target = 770DD9F32B2D0E100071BAA4 /* SwapU */;
			targetProxy = 770DDA0F2B2D0E110071BAA4 /* PBXContainerItemProxy */;
		};
/* End PBXTargetDependency section */

/* Begin XCBuildConfiguration section */
		770DDA162B2D0E110071BAA4 /* Debug */ = {
			isa = XCBuildConfiguration;
			buildSettings = {
				ALWAYS_SEARCH_USER_PATHS = NO;
				CLANG_ANALYZER_NONNULL = YES;
				CLANG_ANALYZER_NUMBER_OBJECT_CONVERSION = YES_AGGRESSIVE;
				CLANG_CXX_LANGUAGE_STANDARD = "gnu++20";
				CLANG_ENABLE_MODULES = YES;
				CLANG_ENABLE_OBJC_ARC = YES;
				CLANG_ENABLE_OBJC_WEAK = YES;
				CLANG_WARN_BLOCK_CAPTURE_AUTORELEASING = YES;
				CLANG_WARN_BOOL_CONVERSION = YES;
				CLANG_WARN_COMMA = YES;
				CLANG_WARN_CONSTANT_CONVERSION = YES;
				CLANG_WARN_DEPRECATED_OBJC_IMPLEMENTATIONS = YES;
				CLANG_WARN_DIRECT_OBJC_ISA_USAGE = YES_ERROR;
				CLANG_WARN_DOCUMENTATION_COMMENTS = YES;
				CLANG_WARN_EMPTY_BODY = YES;
				CLANG_WARN_ENUM_CONVERSION = YES;
				CLANG_WARN_INFINITE_RECURSION = YES;
				CLANG_WARN_INT_CONVERSION = YES;
				CLANG_WARN_NON_LITERAL_NULL_CONVERSION = YES;
				CLANG_WARN_OBJC_IMPLICIT_RETAIN_SELF = YES;
				CLANG_WARN_OBJC_LITERAL_CONVERSION = YES;
				CLANG_WARN_OBJC_ROOT_CLASS = YES_ERROR;
				CLANG_WARN_QUOTED_INCLUDE_IN_FRAMEWORK_HEADER = YES;
				CLANG_WARN_RANGE_LOOP_ANALYSIS = YES;
				CLANG_WARN_STRICT_PROTOTYPES = YES;
				CLANG_WARN_SUSPICIOUS_MOVE = YES;
				CLANG_WARN_UNGUARDED_AVAILABILITY = YES_AGGRESSIVE;
				CLANG_WARN_UNREACHABLE_CODE = YES;
				CLANG_WARN__DUPLICATE_METHOD_MATCH = YES;
				COPY_PHASE_STRIP = NO;
				DEBUG_INFORMATION_FORMAT = dwarf;
				ENABLE_STRICT_OBJC_MSGSEND = YES;
				ENABLE_TESTABILITY = YES;
				GCC_C_LANGUAGE_STANDARD = gnu11;
				GCC_DYNAMIC_NO_PIC = NO;
				GCC_NO_COMMON_BLOCKS = YES;
				GCC_OPTIMIZATION_LEVEL = 0;
				GCC_PREPROCESSOR_DEFINITIONS = (
					"DEBUG=1",
					"$(inherited)",
				);
				GCC_WARN_64_TO_32_BIT_CONVERSION = YES;
				GCC_WARN_ABOUT_RETURN_TYPE = YES_ERROR;
				GCC_WARN_UNDECLARED_SELECTOR = YES;
				GCC_WARN_UNINITIALIZED_AUTOS = YES_AGGRESSIVE;
				GCC_WARN_UNUSED_FUNCTION = YES;
				GCC_WARN_UNUSED_VARIABLE = YES;
				IPHONEOS_DEPLOYMENT_TARGET = 16.4;
				MTL_ENABLE_DEBUG_INFO = INCLUDE_SOURCE;
				MTL_FAST_MATH = YES;
				ONLY_ACTIVE_ARCH = YES;
				SDKROOT = iphoneos;
				SWIFT_ACTIVE_COMPILATION_CONDITIONS = DEBUG;
				SWIFT_OPTIMIZATION_LEVEL = "-Onone";
			};
			name = Debug;
		};
		770DDA172B2D0E110071BAA4 /* Release */ = {
			isa = XCBuildConfiguration;
			buildSettings = {
				ALWAYS_SEARCH_USER_PATHS = NO;
				CLANG_ANALYZER_NONNULL = YES;
				CLANG_ANALYZER_NUMBER_OBJECT_CONVERSION = YES_AGGRESSIVE;
				CLANG_CXX_LANGUAGE_STANDARD = "gnu++20";
				CLANG_ENABLE_MODULES = YES;
				CLANG_ENABLE_OBJC_ARC = YES;
				CLANG_ENABLE_OBJC_WEAK = YES;
				CLANG_WARN_BLOCK_CAPTURE_AUTORELEASING = YES;
				CLANG_WARN_BOOL_CONVERSION = YES;
				CLANG_WARN_COMMA = YES;
				CLANG_WARN_CONSTANT_CONVERSION = YES;
				CLANG_WARN_DEPRECATED_OBJC_IMPLEMENTATIONS = YES;
				CLANG_WARN_DIRECT_OBJC_ISA_USAGE = YES_ERROR;
				CLANG_WARN_DOCUMENTATION_COMMENTS = YES;
				CLANG_WARN_EMPTY_BODY = YES;
				CLANG_WARN_ENUM_CONVERSION = YES;
				CLANG_WARN_INFINITE_RECURSION = YES;
				CLANG_WARN_INT_CONVERSION = YES;
				CLANG_WARN_NON_LITERAL_NULL_CONVERSION = YES;
				CLANG_WARN_OBJC_IMPLICIT_RETAIN_SELF = YES;
				CLANG_WARN_OBJC_LITERAL_CONVERSION = YES;
				CLANG_WARN_OBJC_ROOT_CLASS = YES_ERROR;
				CLANG_WARN_QUOTED_INCLUDE_IN_FRAMEWORK_HEADER = YES;
				CLANG_WARN_RANGE_LOOP_ANALYSIS = YES;
				CLANG_WARN_STRICT_PROTOTYPES = YES;
				CLANG_WARN_SUSPICIOUS_MOVE = YES;
				CLANG_WARN_UNGUARDED_AVAILABILITY = YES_AGGRESSIVE;
				CLANG_WARN_UNREACHABLE_CODE = YES;
				CLANG_WARN__DUPLICATE_METHOD_MATCH = YES;
				COPY_PHASE_STRIP = NO;
				DEBUG_INFORMATION_FORMAT = "dwarf-with-dsym";
				ENABLE_NS_ASSERTIONS = NO;
				ENABLE_STRICT_OBJC_MSGSEND = YES;
				GCC_C_LANGUAGE_STANDARD = gnu11;
				GCC_NO_COMMON_BLOCKS = YES;
				GCC_WARN_64_TO_32_BIT_CONVERSION = YES;
				GCC_WARN_ABOUT_RETURN_TYPE = YES_ERROR;
				GCC_WARN_UNDECLARED_SELECTOR = YES;
				GCC_WARN_UNINITIALIZED_AUTOS = YES_AGGRESSIVE;
				GCC_WARN_UNUSED_FUNCTION = YES;
				GCC_WARN_UNUSED_VARIABLE = YES;
				IPHONEOS_DEPLOYMENT_TARGET = 16.4;
				MTL_ENABLE_DEBUG_INFO = NO;
				MTL_FAST_MATH = YES;
				SDKROOT = iphoneos;
				SWIFT_COMPILATION_MODE = wholemodule;
				SWIFT_OPTIMIZATION_LEVEL = "-O";
				VALIDATE_PRODUCT = YES;
			};
			name = Release;
		};
		770DDA192B2D0E110071BAA4 /* Debug */ = {
			isa = XCBuildConfiguration;
			buildSettings = {
				ASSETCATALOG_COMPILER_APPICON_NAME = AppIcon;
				ASSETCATALOG_COMPILER_GLOBAL_ACCENT_COLOR_NAME = AccentColor;
				CODE_SIGN_STYLE = Automatic;
				CURRENT_PROJECT_VERSION = 1;
				DEVELOPMENT_ASSET_PATHS = "\"SwapU/Preview Content\"";
				DEVELOPMENT_TEAM = YAB8W4Z9GC;
				ENABLE_PREVIEWS = YES;
				GENERATE_INFOPLIST_FILE = YES;
				INFOPLIST_KEY_UIApplicationSceneManifest_Generation = YES;
				INFOPLIST_KEY_UIApplicationSupportsIndirectInputEvents = YES;
				INFOPLIST_KEY_UILaunchScreen_Generation = YES;
				INFOPLIST_KEY_UISupportedInterfaceOrientations_iPad = "UIInterfaceOrientationPortrait UIInterfaceOrientationPortraitUpsideDown UIInterfaceOrientationLandscapeLeft UIInterfaceOrientationLandscapeRight";
				INFOPLIST_KEY_UISupportedInterfaceOrientations_iPhone = "UIInterfaceOrientationPortrait UIInterfaceOrientationLandscapeLeft UIInterfaceOrientationLandscapeRight";
				LD_RUNPATH_SEARCH_PATHS = (
					"$(inherited)",
					"@executable_path/Frameworks",
				);
				MARKETING_VERSION = 1.0;
				PRODUCT_BUNDLE_IDENTIFIER = "fraziernick894-gmail.com.SwapU";
				PRODUCT_NAME = "$(TARGET_NAME)";
				SWIFT_EMIT_LOC_STRINGS = YES;
				SWIFT_VERSION = 5.0;
				TARGETED_DEVICE_FAMILY = "1,2";
			};
			name = Debug;
		};
		770DDA1A2B2D0E110071BAA4 /* Release */ = {
			isa = XCBuildConfiguration;
			buildSettings = {
				ASSETCATALOG_COMPILER_APPICON_NAME = AppIcon;
				ASSETCATALOG_COMPILER_GLOBAL_ACCENT_COLOR_NAME = AccentColor;
				CODE_SIGN_STYLE = Automatic;
				CURRENT_PROJECT_VERSION = 1;
				DEVELOPMENT_ASSET_PATHS = "\"SwapU/Preview Content\"";
				DEVELOPMENT_TEAM = YAB8W4Z9GC;
				ENABLE_PREVIEWS = YES;
				GENERATE_INFOPLIST_FILE = YES;
				INFOPLIST_KEY_UIApplicationSceneManifest_Generation = YES;
				INFOPLIST_KEY_UIApplicationSupportsIndirectInputEvents = YES;
				INFOPLIST_KEY_UILaunchScreen_Generation = YES;
				INFOPLIST_KEY_UISupportedInterfaceOrientations_iPad = "UIInterfaceOrientationPortrait UIInterfaceOrientationPortraitUpsideDown UIInterfaceOrientationLandscapeLeft UIInterfaceOrientationLandscapeRight";
				INFOPLIST_KEY_UISupportedInterfaceOrientations_iPhone = "UIInterfaceOrientationPortrait UIInterfaceOrientationLandscapeLeft UIInterfaceOrientationLandscapeRight";
				LD_RUNPATH_SEARCH_PATHS = (
					"$(inherited)",
					"@executable_path/Frameworks",
				);
				MARKETING_VERSION = 1.0;
				PRODUCT_BUNDLE_IDENTIFIER = "fraziernick894-gmail.com.SwapU";
				PRODUCT_NAME = "$(TARGET_NAME)";
				SWIFT_EMIT_LOC_STRINGS = YES;
				SWIFT_VERSION = 5.0;
				TARGETED_DEVICE_FAMILY = "1,2";
			};
			name = Release;
		};
		770DDA1C2B2D0E110071BAA4 /* Debug */ = {
			isa = XCBuildConfiguration;
			buildSettings = {
				ALWAYS_EMBED_SWIFT_STANDARD_LIBRARIES = YES;
				BUNDLE_LOADER = "$(TEST_HOST)";
				CODE_SIGN_STYLE = Automatic;
				CURRENT_PROJECT_VERSION = 1;
				DEVELOPMENT_TEAM = YAB8W4Z9GC;
				GENERATE_INFOPLIST_FILE = YES;
				IPHONEOS_DEPLOYMENT_TARGET = 16.4;
				MARKETING_VERSION = 1.0;
				PRODUCT_BUNDLE_IDENTIFIER = "fraziernick894-gmail.com.SwapUTests";
				PRODUCT_NAME = "$(TARGET_NAME)";
				SWIFT_EMIT_LOC_STRINGS = NO;
				SWIFT_VERSION = 5.0;
				TARGETED_DEVICE_FAMILY = "1,2";
				TEST_HOST = "$(BUILT_PRODUCTS_DIR)/SwapU.app/$(BUNDLE_EXECUTABLE_FOLDER_PATH)/SwapU";
			};
			name = Debug;
		};
		770DDA1D2B2D0E110071BAA4 /* Release */ = {
			isa = XCBuildConfiguration;
			buildSettings = {
				ALWAYS_EMBED_SWIFT_STANDARD_LIBRARIES = YES;
				BUNDLE_LOADER = "$(TEST_HOST)";
				CODE_SIGN_STYLE = Automatic;
				CURRENT_PROJECT_VERSION = 1;
				DEVELOPMENT_TEAM = YAB8W4Z9GC;
				GENERATE_INFOPLIST_FILE = YES;
				IPHONEOS_DEPLOYMENT_TARGET = 16.4;
				MARKETING_VERSION = 1.0;
				PRODUCT_BUNDLE_IDENTIFIER = "fraziernick894-gmail.com.SwapUTests";
				PRODUCT_NAME = "$(TARGET_NAME)";
				SWIFT_EMIT_LOC_STRINGS = NO;
				SWIFT_VERSION = 5.0;
				TARGETED_DEVICE_FAMILY = "1,2";
				TEST_HOST = "$(BUILT_PRODUCTS_DIR)/SwapU.app/$(BUNDLE_EXECUTABLE_FOLDER_PATH)/SwapU";
			};
			name = Release;
		};
		770DDA1F2B2D0E110071BAA4 /* Debug */ = {
			isa = XCBuildConfiguration;
			buildSettings = {
				ALWAYS_EMBED_SWIFT_STANDARD_LIBRARIES = YES;
				CODE_SIGN_STYLE = Automatic;
				CURRENT_PROJECT_VERSION = 1;
				DEVELOPMENT_TEAM = YAB8W4Z9GC;
				GENERATE_INFOPLIST_FILE = YES;
				MARKETING_VERSION = 1.0;
				PRODUCT_BUNDLE_IDENTIFIER = "fraziernick894-gmail.com.SwapUUITests";
				PRODUCT_NAME = "$(TARGET_NAME)";
				SWIFT_EMIT_LOC_STRINGS = NO;
				SWIFT_VERSION = 5.0;
				TARGETED_DEVICE_FAMILY = "1,2";
				TEST_TARGET_NAME = SwapU;
			};
			name = Debug;
		};
		770DDA202B2D0E110071BAA4 /* Release */ = {
			isa = XCBuildConfiguration;
			buildSettings = {
				ALWAYS_EMBED_SWIFT_STANDARD_LIBRARIES = YES;
				CODE_SIGN_STYLE = Automatic;
				CURRENT_PROJECT_VERSION = 1;
				DEVELOPMENT_TEAM = YAB8W4Z9GC;
				GENERATE_INFOPLIST_FILE = YES;
				MARKETING_VERSION = 1.0;
				PRODUCT_BUNDLE_IDENTIFIER = "fraziernick894-gmail.com.SwapUUITests";
				PRODUCT_NAME = "$(TARGET_NAME)";
				SWIFT_EMIT_LOC_STRINGS = NO;
				SWIFT_VERSION = 5.0;
				TARGETED_DEVICE_FAMILY = "1,2";
				TEST_TARGET_NAME = SwapU;
			};
			name = Release;
		};
/* End XCBuildConfiguration section */

/* Begin XCConfigurationList section */
		770DD9EF2B2D0E0F0071BAA4 /* Build configuration list for PBXProject "SwapU" */ = {
			isa = XCConfigurationList;
			buildConfigurations = (
				770DDA162B2D0E110071BAA4 /* Debug */,
				770DDA172B2D0E110071BAA4 /* Release */,
			);
			defaultConfigurationIsVisible = 0;
			defaultConfigurationName = Release;
		};
		770DDA182B2D0E110071BAA4 /* Build configuration list for PBXNativeTarget "SwapU" */ = {
			isa = XCConfigurationList;
			buildConfigurations = (
				770DDA192B2D0E110071BAA4 /* Debug */,
				770DDA1A2B2D0E110071BAA4 /* Release */,
			);
			defaultConfigurationIsVisible = 0;
			defaultConfigurationName = Release;
		};
		770DDA1B2B2D0E110071BAA4 /* Build configuration list for PBXNativeTarget "SwapUTests" */ = {
			isa = XCConfigurationList;
			buildConfigurations = (
				770DDA1C2B2D0E110071BAA4 /* Debug */,
				770DDA1D2B2D0E110071BAA4 /* Release */,
			);
			defaultConfigurationIsVisible = 0;
			defaultConfigurationName = Release;
		};
		770DDA1E2B2D0E110071BAA4 /* Build configuration list for PBXNativeTarget "SwapUUITests" */ = {
			isa = XCConfigurationList;
			buildConfigurations = (
				770DDA1F2B2D0E110071BAA4 /* Debug */,
				770DDA202B2D0E110071BAA4 /* Release */,
			);
			defaultConfigurationIsVisible = 0;
			defaultConfigurationName = Release;
		};
/* End XCConfigurationList section */
	};
	rootObject = 770DD9EC2B2D0E0F0071BAA4 /* Project object */;
}
